
Microsoft Visual Studio Solution File, Format Version 12.00
# Visual Studio Version 16
VisualStudioVersion = 16.0.31105.61
MinimumVisualStudioVersion = 10.0.40219.1
Project("{FAE04EC0-301F-11D3-BF4B-00C04F79EFBC}") = "calcula-core", "calcula-core.csproj", "{D8C6370F-FAA6-4C1F-8444-221D019051F8}"
EndProject
Global
	GlobalSection(SolutionConfigurationPlatforms) = preSolution
		Debug|Any CPU = Debug|Any CPU
		Release|Any CPU = Release|Any CPU
	EndGlobalSection
	GlobalSection(ProjectConfigurationPlatforms) = postSolution
		{D8C6370F-FAA6-4C1F-8444-221D019051F8}.Debug|Any CPU.ActiveCfg = Debug|Any CPU
		{D8C6370F-FAA6-4C1F-8444-221D019051F8}.Debug|Any CPU.Build.0 = Debug|Any CPU
		{D8C6370F-FAA6-4C1F-8444-221D019051F8}.Release|Any CPU.ActiveCfg = Release|Any CPU
		{D8C6370F-FAA6-4C1F-8444-221D019051F8}.Release|Any CPU.Build.0 = Release|Any CPU
	EndGlobalSection
	GlobalSection(SolutionProperties) = preSolution
		HideSolutionNode = FALSE
	EndGlobalSection
	GlobalSection(ExtensibilityGlobals) = postSolution
		SolutionGuid = {ADBF9995-F9F9-4678-9B32-AF4095A6B395}
	EndGlobalSection
EndGlobal
